
Microsoft Visual Studio Solution File, Format Version 12.00
# Visual Studio Version 16
VisualStudioVersion = 16.0.31410.357
MinimumVisualStudioVersion = 10.0.40219.1
Project("{FAE04EC0-301F-11D3-BF4B-00C04F79EFBC}") = "CRUD_MySQL", "CRUD_MySQL\CRUD_MySQL.csproj", "{1994F40E-1E86-4C8E-8698-0F0154AD1FE5}"
EndProject
Global
	GlobalSection(SolutionConfigurationPlatforms) = preSolution
		Debug|Any CPU = Debug|Any CPU
		Release|Any CPU = Release|Any CPU
	EndGlobalSection
	GlobalSection(ProjectConfigurationPlatforms) = postSolution
		{1994F40E-1E86-4C8E-8698-0F0154AD1FE5}.Debug|Any CPU.ActiveCfg = Debug|Any CPU
		{1994F40E-1E86-4C8E-8698-0F0154AD1FE5}.Debug|Any CPU.Build.0 = Debug|Any CPU
		{1994F40E-1E86-4C8E-8698-0F0154AD1FE5}.Release|Any CPU.ActiveCfg = Release|Any CPU
		{1994F40E-1E86-4C8E-8698-0F0154AD1FE5}.Release|Any CPU.Build.0 = Release|Any CPU
	EndGlobalSection
	GlobalSection(SolutionProperties) = preSolution
		HideSolutionNode = FALSE
	EndGlobalSection
	GlobalSection(ExtensibilityGlobals) = postSolution
		SolutionGuid = {C51A47AA-FF27-4708-BF0A-0E05FA341D5A}
	EndGlobalSection
EndGlobal
